// !$*UTF8*$!
{
	archiveVersion = 1;
	classes = {
	};
	objectVersion = 46;
	objects = {

/* Begin PBXBuildFile section */
		D0F5038D1872C73C00CF541A /* Foundation.framework in Frameworks */ = {isa = PBXBuildFile; fileRef = D0F5038C1872C73C00CF541A /* Foundation.framework */; };
		D0F5038F1872C73C00CF541A /* CoreGraphics.framework in Frameworks */ = {isa = PBXBuildFile; fileRef = D0F5038E1872C73C00CF541A /* CoreGraphics.framework */; };
		D0F503911872C73C00CF541A /* UIKit.framework in Frameworks */ = {isa = PBXBuildFile; fileRef = D0F503901872C73C00CF541A /* UIKit.framework */; };
		D0F503931872C73C00CF541A /* CoreData.framework in Frameworks */ = {isa = PBXBuildFile; fileRef = D0F503921872C73C00CF541A /* CoreData.framework */; };
		D0F503D01872C77800CF541A /* Images.xcassets in Resources */ = {isa = PBXBuildFile; fileRef = D0F503C51872C77800CF541A /* Images.xcassets */; };
		D0F503D11872C77800CF541A /* main.m in Sources */ = {isa = PBXBuildFile; fileRef = D0F503C61872C77800CF541A /* main.m */; };
		D0F503D21872C77800CF541A /* netraAppDelegate.m in Sources */ = {isa = PBXBuildFile; fileRef = D0F503C81872C77800CF541A /* netraAppDelegate.m */; };
		D0F503D41872C77800CF541A /* Sholat.xcdatamodeld in Sources */ = {isa = PBXBuildFile; fileRef = D0F503CB1872C77800CF541A /* Sholat.xcdatamodeld */; };
		D0F503D81872C95600CF541A /* InfoPlist.strings in Resources */ = {isa = PBXBuildFile; fileRef = D0F503C31872C77800CF541A /* InfoPlist.strings */; };
/* End PBXBuildFile section */

/* Begin PBXFileReference section */
		D0F503891872C73C00CF541A /* Sholat.app */ = {isa = PBXFileReference; explicitFileType = wrapper.application; includeInIndex = 0; path = Sholat.app; sourceTree = BUILT_PRODUCTS_DIR; };
		D0F5038C1872C73C00CF541A /* Foundation.framework */ = {isa = PBXFileReference; lastKnownFileType = wrapper.framework; name = Foundation.framework; path = System/Library/Frameworks/Foundation.framework; sourceTree = SDKROOT; };
		D0F5038E1872C73C00CF541A /* CoreGraphics.framework */ = {isa = PBXFileReference; lastKnownFileType = wrapper.framework; name = CoreGraphics.framework; path = System/Library/Frameworks/CoreGraphics.framework; sourceTree = SDKROOT; };
		D0F503901872C73C00CF541A /* UIKit.framework */ = {isa = PBXFileReference; lastKnownFileType = wrapper.framework; name = UIKit.framework; path = System/Library/Frameworks/UIKit.framework; sourceTree = SDKROOT; };
		D0F503921872C73C00CF541A /* CoreData.framework */ = {isa = PBXFileReference; lastKnownFileType = wrapper.framework; name = CoreData.framework; path = System/Library/Frameworks/CoreData.framework; sourceTree = SDKROOT; };
		D0F503AA1872C73C00CF541A /* XCTest.framework */ = {isa = PBXFileReference; lastKnownFileType = wrapper.framework; name = XCTest.framework; path = Library/Frameworks/XCTest.framework; sourceTree = DEVELOPER_DIR; };
		D0F503C41872C77800CF541A /* en */ = {isa = PBXFileReference; lastKnownFileType = text.plist.strings; name = en; path = en.lproj/InfoPlist.strings; sourceTree = "<group>"; };
		D0F503C51872C77800CF541A /* Images.xcassets */ = {isa = PBXFileReference; lastKnownFileType = folder.assetcatalog; path = Images.xcassets; sourceTree = "<group>"; };
		D0F503C61872C77800CF541A /* main.m */ = {isa = PBXFileReference; fileEncoding = 4; lastKnownFileType = sourcecode.c.objc; path = main.m; sourceTree = "<group>"; };
		D0F503C71872C77800CF541A /* netraAppDelegate.h */ = {isa = PBXFileReference; fileEncoding = 4; lastKnownFileType = sourcecode.c.h; path = netraAppDelegate.h; sourceTree = "<group>"; };
		D0F503C81872C77800CF541A /* netraAppDelegate.m */ = {isa = PBXFileReference; fileEncoding = 4; lastKnownFileType = sourcecode.c.objc; path = netraAppDelegate.m; sourceTree = "<group>"; };
		D0F503C91872C77800CF541A /* Sholat-Info.plist */ = {isa = PBXFileReference; fileEncoding = 4; lastKnownFileType = text.plist.xml; path = "Sholat-Info.plist"; sourceTree = "<group>"; };
		D0F503CA1872C77800CF541A /* Sholat-Prefix.pch */ = {isa = PBXFileReference; fileEncoding = 4; lastKnownFileType = sourcecode.c.h; path = "Sholat-Prefix.pch"; sourceTree = "<group>"; };
		D0F503CC1872C77800CF541A /* Sholat.xcdatamodel */ = {isa = PBXFileReference; lastKnownFileType = wrapper.xcdatamodel; path = Sholat.xcdatamodel; sourceTree = "<group>"; };
/* End PBXFileReference section */

/* Begin PBXFrameworksBuildPhase section */
		D0F503861872C73B00CF541A /* Frameworks */ = {
			isa = PBXFrameworksBuildPhase;
			buildActionMask = 2147483647;
			files = (
				D0F5038F1872C73C00CF541A /* CoreGraphics.framework in Frameworks */,
				D0F503931872C73C00CF541A /* CoreData.framework in Frameworks */,
				D0F503911872C73C00CF541A /* UIKit.framework in Frameworks */,
				D0F5038D1872C73C00CF541A /* Foundation.framework in Frameworks */,
			);
			runOnlyForDeploymentPostprocessing = 0;
		};
/* End PBXFrameworksBuildPhase section */

/* Begin PBXGroup section */
		D0F503801872C73B00CF541A = {
			isa = PBXGroup;
			children = (
				D0F503C11872C77800CF541A /* Sholat */,
				D0F5038B1872C73C00CF541A /* Frameworks */,
				D0F5038A1872C73C00CF541A /* Products */,
			);
			sourceTree = "<group>";
		};
		D0F5038A1872C73C00CF541A /* Products */ = {
			isa = PBXGroup;
			children = (
				D0F503891872C73C00CF541A /* Sholat.app */,
			);
			name = Products;
			sourceTree = "<group>";
		};
		D0F5038B1872C73C00CF541A /* Frameworks */ = {
			isa = PBXGroup;
			children = (
				D0F5038C1872C73C00CF541A /* Foundation.framework */,
				D0F5038E1872C73C00CF541A /* CoreGraphics.framework */,
				D0F503901872C73C00CF541A /* UIKit.framework */,
				D0F503921872C73C00CF541A /* CoreData.framework */,
				D0F503AA1872C73C00CF541A /* XCTest.framework */,
			);
			name = Frameworks;
			sourceTree = "<group>";
		};
		D0F503C11872C77800CF541A /* Sholat */ = {
			isa = PBXGroup;
			children = (
				D0F503D51872C78D00CF541A /* controller */,
				D0F503C21872C77800CF541A /* app */,
				D0F503CD1872C77800CF541A /* model */,
				D0F503CE1872C77800CF541A /* view */,
			);
			path = Sholat;
			sourceTree = "<group>";
		};
		D0F503C21872C77800CF541A /* app */ = {
			isa = PBXGroup;
			children = (
				D0F503C31872C77800CF541A /* InfoPlist.strings */,
				D0F503C51872C77800CF541A /* Images.xcassets */,
				D0F503C61872C77800CF541A /* main.m */,
				D0F503C71872C77800CF541A /* netraAppDelegate.h */,
				D0F503C81872C77800CF541A /* netraAppDelegate.m */,
				D0F503C91872C77800CF541A /* Sholat-Info.plist */,
				D0F503CA1872C77800CF541A /* Sholat-Prefix.pch */,
				D0F503CB1872C77800CF541A /* Sholat.xcdatamodeld */,
			);
			path = app;
			sourceTree = "<group>";
		};
		D0F503CD1872C77800CF541A /* model */ = {
			isa = PBXGroup;
			children = (
			);
			path = model;
			sourceTree = "<group>";
		};
		D0F503CE1872C77800CF541A /* view */ = {
			isa = PBXGroup;
			children = (
			);
			path = view;
			sourceTree = "<group>";
		};
		D0F503D51872C78D00CF541A /* controller */ = {
			isa = PBXGroup;
			children = (
			);
			path = controller;
			sourceTree = "<group>";
		};
/* End PBXGroup section */

/* Begin PBXNativeTarget section */
		D0F503881872C73B00CF541A /* Sholat */ = {
			isa = PBXNativeTarget;
			buildConfigurationList = D0F503BB1872C73C00CF541A /* Build configuration list for PBXNativeTarget "Sholat" */;
			buildPhases = (
				D0F503851872C73B00CF541A /* Sources */,
				D0F503861872C73B00CF541A /* Frameworks */,
				D0F503871872C73B00CF541A /* Resources */,
			);
			buildRules = (
			);
			dependencies = (
			);
			name = Sholat;
			productName = Sholat;
			productReference = D0F503891872C73C00CF541A /* Sholat.app */;
			productType = "com.apple.product-type.application";
		};
/* End PBXNativeTarget section */

/* Begin PBXProject section */
		D0F503811872C73B00CF541A /* Project object */ = {
			isa = PBXProject;
			attributes = {
				CLASSPREFIX = netra;
				LastUpgradeCheck = 0500;
				ORGANIZATIONNAME = netra;
			};
			buildConfigurationList = D0F503841872C73B00CF541A /* Build configuration list for PBXProject "Sholat" */;
			compatibilityVersion = "Xcode 3.2";
			developmentRegion = English;
			hasScannedForEncodings = 0;
			knownRegions = (
				en,
			);
			mainGroup = D0F503801872C73B00CF541A;
			productRefGroup = D0F5038A1872C73C00CF541A /* Products */;
			projectDirPath = "";
			projectRoot = "";
			targets = (
				D0F503881872C73B00CF541A /* Sholat */,
			);
		};
/* End PBXProject section */

/* Begin PBXResourcesBuildPhase section */
		D0F503871872C73B00CF541A /* Resources */ = {
			isa = PBXResourcesBuildPhase;
			buildActionMask = 2147483647;
			files = (
				D0F503D01872C77800CF541A /* Images.xcassets in Resources */,
				D0F503D81872C95600CF541A /* InfoPlist.strings in Resources */,
			);
			runOnlyForDeploymentPostprocessing = 0;
		};
/* End PBXResourcesBuildPhase section */

/* Begin PBXSourcesBuildPhase section */
		D0F503851872C73B00CF541A /* Sources */ = {
			isa = PBXSourcesBuildPhase;
			buildActionMask = 2147483647;
			files = (
				D0F503D41872C77800CF541A /* Sholat.xcdatamodeld in Sources */,
				D0F503D11872C77800CF541A /* main.m in Sources */,
				D0F503D21872C77800CF541A /* netraAppDelegate.m in Sources */,
			);
			runOnlyForDeploymentPostprocessing = 0;
		};
/* End PBXSourcesBuildPhase section */

/* Begin PBXVariantGroup section */
		D0F503C31872C77800CF541A /* InfoPlist.strings */ = {
			isa = PBXVariantGroup;
			children = (
				D0F503C41872C77800CF541A /* en */,
			);
			name = InfoPlist.strings;
			sourceTree = "<group>";
		};
/* End PBXVariantGroup section */

/* Begin XCBuildConfiguration section */
		D0F503B91872C73C00CF541A /* Debug */ = {
			isa = XCBuildConfiguration;
			buildSettings = {
				ALWAYS_SEARCH_USER_PATHS = NO;
				ARCHS = "$(ARCHS_STANDARD_INCLUDING_64_BIT)";
				CLANG_CXX_LANGUAGE_STANDARD = "gnu++0x";
				CLANG_CXX_LIBRARY = "libc++";
				CLANG_ENABLE_MODULES = YES;
				CLANG_ENABLE_OBJC_ARC = YES;
				CLANG_WARN_BOOL_CONVERSION = YES;
				CLANG_WARN_CONSTANT_CONVERSION = YES;
				CLANG_WARN_DIRECT_OBJC_ISA_USAGE = YES_ERROR;
				CLANG_WARN_EMPTY_BODY = YES;
				CLANG_WARN_ENUM_CONVERSION = YES;
				CLANG_WARN_INT_CONVERSION = YES;
				CLANG_WARN_OBJC_ROOT_CLASS = YES_ERROR;
				CLANG_WARN__DUPLICATE_METHOD_MATCH = YES;
				"CODE_SIGN_IDENTITY[sdk=iphoneos*]" = "iPhone Developer";
				COPY_PHASE_STRIP = NO;
				GCC_C_LANGUAGE_STANDARD = gnu99;
				GCC_DYNAMIC_NO_PIC = NO;
				GCC_OPTIMIZATION_LEVEL = 0;
				GCC_PREPROCESSOR_DEFINITIONS = (
					"DEBUG=1",
					"$(inherited)",
				);
				GCC_SYMBOLS_PRIVATE_EXTERN = NO;
				GCC_WARN_64_TO_32_BIT_CONVERSION = YES;
				GCC_WARN_ABOUT_RETURN_TYPE = YES_ERROR;
				GCC_WARN_UNDECLARED_SELECTOR = YES;
				GCC_WARN_UNINITIALIZED_AUTOS = YES;
				GCC_WARN_UNUSED_FUNCTION = YES;
				GCC_WARN_UNUSED_VARIABLE = YES;
				IPHONEOS_DEPLOYMENT_TARGET = 7.0;
				ONLY_ACTIVE_ARCH = YES;
				SDKROOT = iphoneos;
			};
			name = Debug;
		};
		D0F503BA1872C73C00CF541A /* Release */ = {
			isa = XCBuildConfiguration;
			buildSettings = {
				ALWAYS_SEARCH_USER_PATHS = NO;
				ARCHS = "$(ARCHS_STANDARD_INCLUDING_64_BIT)";
				CLANG_CXX_LANGUAGE_STANDARD = "gnu++0x";
				CLANG_CXX_LIBRARY = "libc++";
				CLANG_ENABLE_MODULES = YES;
				CLANG_ENABLE_OBJC_ARC = YES;
				CLANG_WARN_BOOL_CONVERSION = YES;
				CLANG_WARN_CONSTANT_CONVERSION = YES;
				CLANG_WARN_DIRECT_OBJC_ISA_USAGE = YES_ERROR;
				CLANG_WARN_EMPTY_BODY = YES;
				CLANG_WARN_ENUM_CONVERSION = YES;
				CLANG_WARN_INT_CONVERSION = YES;
				CLANG_WARN_OBJC_ROOT_CLASS = YES_ERROR;
				CLANG_WARN__DUPLICATE_METHOD_MATCH = YES;
				"CODE_SIGN_IDENTITY[sdk=iphoneos*]" = "iPhone Developer";
				COPY_PHASE_STRIP = YES;
				ENABLE_NS_ASSERTIONS = NO;
				GCC_C_LANGUAGE_STANDARD = gnu99;
				GCC_WARN_64_TO_32_BIT_CONVERSION = YES;
				GCC_WARN_ABOUT_RETURN_TYPE = YES_ERROR;
				GCC_WARN_UNDECLARED_SELECTOR = YES;
				GCC_WARN_UNINITIALIZED_AUTOS = YES;
				GCC_WARN_UNUSED_FUNCTION = YES;
				GCC_WARN_UNUSED_VARIABLE = YES;
				IPHONEOS_DEPLOYMENT_TARGET = 7.0;
				SDKROOT = iphoneos;
				VALIDATE_PRODUCT = YES;
			};
			name = Release;
		};
		D0F503BC1872C73C00CF541A /* Debug */ = {
			isa = XCBuildConfiguration;
			buildSettings = {
				ASSETCATALOG_COMPILER_APPICON_NAME = AppIcon;
				ASSETCATALOG_COMPILER_LAUNCHIMAGE_NAME = LaunchImage;
				GCC_PRECOMPILE_PREFIX_HEADER = YES;
				GCC_PREFIX_HEADER = "Sholat/app/Sholat-Prefix.pch";
				INFOPLIST_FILE = "Sholat/app/Sholat-Info.plist";
				PRODUCT_NAME = "$(TARGET_NAME)";
				WRAPPER_EXTENSION = app;
			};
			name = Debug;
		};
		D0F503BD1872C73C00CF541A /* Release */ = {
			isa = XCBuildConfiguration;
			buildSettings = {
				ASSETCATALOG_COMPILER_APPICON_NAME = AppIcon;
				ASSETCATALOG_COMPILER_LAUNCHIMAGE_NAME = LaunchImage;
				GCC_PRECOMPILE_PREFIX_HEADER = YES;
				GCC_PREFIX_HEADER = "Sholat/app/Sholat-Prefix.pch";
				INFOPLIST_FILE = "Sholat/app/Sholat-Info.plist";
				PRODUCT_NAME = "$(TARGET_NAME)";
				WRAPPER_EXTENSION = app;
			};
			name = Release;
		};
/* End XCBuildConfiguration section */

/* Begin XCConfigurationList section */
		D0F503841872C73B00CF541A /* Build configuration list for PBXProject "Sholat" */ = {
			isa = XCConfigurationList;
			buildConfigurations = (
				D0F503B91872C73C00CF541A /* Debug */,
				D0F503BA1872C73C00CF541A /* Release */,
			);
			defaultConfigurationIsVisible = 0;
			defaultConfigurationName = Release;
		};
		D0F503BB1872C73C00CF541A /* Build configuration list for PBXNativeTarget "Sholat" */ = {
			isa = XCConfigurationList;
			buildConfigurations = (
				D0F503BC1872C73C00CF541A /* Debug */,
				D0F503BD1872C73C00CF541A /* Release */,
			);
			defaultConfigurationIsVisible = 0;
		};
/* End XCConfigurationList section */

/* Begin XCVersionGroup section */
		D0F503CB1872C77800CF541A /* Sholat.xcdatamodeld */ = {
			isa = XCVersionGroup;
			children = (
				D0F503CC1872C77800CF541A /* Sholat.xcdatamodel */,
			);
			currentVersion = D0F503CC1872C77800CF541A /* Sholat.xcdatamodel */;
			path = Sholat.xcdatamodeld;
			sourceTree = "<group>";
			versionGroupType = wrapper.xcdatamodel;
		};
/* End XCVersionGroup section */
	};
	rootObject = D0F503811872C73B00CF541A /* Project object */;
}
